
Microsoft Visual Studio Solution File, Format Version 12.00
# Visual Studio 15
VisualStudioVersion = 15.0.28307.705
MinimumVisualStudioVersion = 10.0.40219.1
Project("{FAE04EC0-301F-11D3-BF4B-00C04F79EFBC}") = "App.PromotionEngine.UI", "App.PromotionEngine.UI\App.PromotionEngine.UI.csproj", "{9F930346-6F9C-4C2D-8901-2E6C325DBEF0}"
EndProject
Project("{FAE04EC0-301F-11D3-BF4B-00C04F79EFBC}") = "App.PromotionEngine.BusinessLogic", "App.PromotionEngine.BusinessLogic\App.PromotionEngine.BusinessLogic.csproj", "{A173E77D-36AF-4752-8784-8431F91C422B}"
EndProject
Project("{FAE04EC0-301F-11D3-BF4B-00C04F79EFBC}") = "App.PromotionEngine.BusinessLogic.Test", "App.PromotionEngine.BusinessLogic.Test\App.PromotionEngine.BusinessLogic.Test.csproj", "{A60B497F-D509-4288-B6BD-15172009994E}"
EndProject
Project("{FAE04EC0-301F-11D3-BF4B-00C04F79EFBC}") = "App.PromotionEngine.Model", "App.PromotionEngine.Model\App.PromotionEngine.Model.csproj", "{5B92D634-EF06-413F-9861-502499794F72}"
EndProject
Global
	GlobalSection(SolutionConfigurationPlatforms) = preSolution
		Debug|Any CPU = Debug|Any CPU
		Release|Any CPU = Release|Any CPU
	EndGlobalSection
	GlobalSection(ProjectConfigurationPlatforms) = postSolution
		{9F930346-6F9C-4C2D-8901-2E6C325DBEF0}.Debug|Any CPU.ActiveCfg = Debug|Any CPU
		{9F930346-6F9C-4C2D-8901-2E6C325DBEF0}.Debug|Any CPU.Build.0 = Debug|Any CPU
		{9F930346-6F9C-4C2D-8901-2E6C325DBEF0}.Release|Any CPU.ActiveCfg = Release|Any CPU
		{9F930346-6F9C-4C2D-8901-2E6C325DBEF0}.Release|Any CPU.Build.0 = Release|Any CPU
		{A173E77D-36AF-4752-8784-8431F91C422B}.Debug|Any CPU.ActiveCfg = Debug|Any CPU
		{A173E77D-36AF-4752-8784-8431F91C422B}.Debug|Any CPU.Build.0 = Debug|Any CPU
		{A173E77D-36AF-4752-8784-8431F91C422B}.Release|Any CPU.ActiveCfg = Release|Any CPU
		{A173E77D-36AF-4752-8784-8431F91C422B}.Release|Any CPU.Build.0 = Release|Any CPU
		{A60B497F-D509-4288-B6BD-15172009994E}.Debug|Any CPU.ActiveCfg = Debug|Any CPU
		{A60B497F-D509-4288-B6BD-15172009994E}.Debug|Any CPU.Build.0 = Debug|Any CPU
		{A60B497F-D509-4288-B6BD-15172009994E}.Release|Any CPU.ActiveCfg = Release|Any CPU
		{A60B497F-D509-4288-B6BD-15172009994E}.Release|Any CPU.Build.0 = Release|Any CPU
		{5B92D634-EF06-413F-9861-502499794F72}.Debug|Any CPU.ActiveCfg = Debug|Any CPU
		{5B92D634-EF06-413F-9861-502499794F72}.Debug|Any CPU.Build.0 = Debug|Any CPU
		{5B92D634-EF06-413F-9861-502499794F72}.Release|Any CPU.ActiveCfg = Release|Any CPU
		{5B92D634-EF06-413F-9861-502499794F72}.Release|Any CPU.Build.0 = Release|Any CPU
	EndGlobalSection
	GlobalSection(SolutionProperties) = preSolution
		HideSolutionNode = FALSE
	EndGlobalSection
	GlobalSection(ExtensibilityGlobals) = postSolution
		SolutionGuid = {F5F3EBB4-689D-43E5-9460-C465486522FC}
	EndGlobalSection
EndGlobal
